
Microsoft Visual Studio Solution File, Format Version 12.00
# Visual Studio 15
VisualStudioVersion = 15.0.28010.2050
MinimumVisualStudioVersion = 10.0.40219.1
Project("{FAE04EC0-301F-11D3-BF4B-00C04F79EFBC}") = "hw7", "hw7\hw7.csproj", "{F693CA7B-7D2E-4A43-9BA6-D5E954E5CD36}"
EndProject
Global
	GlobalSection(SolutionConfigurationPlatforms) = preSolution
		Debug|Any CPU = Debug|Any CPU
		Release|Any CPU = Release|Any CPU
	EndGlobalSection
	GlobalSection(ProjectConfigurationPlatforms) = postSolution
		{F693CA7B-7D2E-4A43-9BA6-D5E954E5CD36}.Debug|Any CPU.ActiveCfg = Debug|Any CPU
		{F693CA7B-7D2E-4A43-9BA6-D5E954E5CD36}.Debug|Any CPU.Build.0 = Debug|Any CPU
		{F693CA7B-7D2E-4A43-9BA6-D5E954E5CD36}.Release|Any CPU.ActiveCfg = Release|Any CPU
		{F693CA7B-7D2E-4A43-9BA6-D5E954E5CD36}.Release|Any CPU.Build.0 = Release|Any CPU
	EndGlobalSection
	GlobalSection(SolutionProperties) = preSolution
		HideSolutionNode = FALSE
	EndGlobalSection
	GlobalSection(ExtensibilityGlobals) = postSolution
		SolutionGuid = {FABEE80E-9F9A-4A27-B913-7A9040AAC253}
	EndGlobalSection
EndGlobal
